
Microsoft Visual Studio Solution File, Format Version 12.00
# Visual Studio Version 17
VisualStudioVersion = 17.13.35931.197 d17.13
MinimumVisualStudioVersion = 10.0.40219.1
Project("{FAE04EC0-301F-11D3-BF4B-00C04F79EFBC}") = "BasicBankingApplication", "BasicBankingApplication\BasicBankingApplication.csproj", "{F0C96477-A57A-476F-A4F0-0E1AB89222EE}"
EndProject
Global
	GlobalSection(SolutionConfigurationPlatforms) = preSolution
		Debug|Any CPU = Debug|Any CPU
		Release|Any CPU = Release|Any CPU
	EndGlobalSection
	GlobalSection(ProjectConfigurationPlatforms) = postSolution
		{F0C96477-A57A-476F-A4F0-0E1AB89222EE}.Debug|Any CPU.ActiveCfg = Debug|Any CPU
		{F0C96477-A57A-476F-A4F0-0E1AB89222EE}.Debug|Any CPU.Build.0 = Debug|Any CPU
		{F0C96477-A57A-476F-A4F0-0E1AB89222EE}.Release|Any CPU.ActiveCfg = Release|Any CPU
		{F0C96477-A57A-476F-A4F0-0E1AB89222EE}.Release|Any CPU.Build.0 = Release|Any CPU
	EndGlobalSection
	GlobalSection(SolutionProperties) = preSolution
		HideSolutionNode = FALSE
	EndGlobalSection
	GlobalSection(ExtensibilityGlobals) = postSolution
		SolutionGuid = {C9E859AC-A87E-4FA8-8A96-059992E7742A}
	EndGlobalSection
EndGlobal
